// !$*UTF8*$!
{
	archiveVersion = 1;
	classes = {
	};
	objectVersion = 77;
	objects = {

/* Begin PBXBuildFile section */
		53E92B8D2F4924860006B3B2 /* MemoryVisualizer.icon in Resources */ = {isa = PBXBuildFile; fileRef = 53E92B8C2F4924860006B3B2 /* MemoryVisualizer.icon */; };
		A1B2C3D400000000000001 /* ClaudeMemoryLib in Frameworks */ = {isa = PBXBuildFile; productRef = D4E5F60000000000000001 /* ClaudeMemoryLib */; };
		A1B2C3D400000000000002 /* Lattice in Frameworks */ = {isa = PBXBuildFile; productRef = D4E5F60000000000000002 /* Lattice */; };
		A1B2C3D400000000000003 /* RealityKit.framework in Frameworks */ = {isa = PBXBuildFile; fileRef = B2C3D4E500000000000001 /* RealityKit.framework */; };
/* End PBXBuildFile section */

/* Begin PBXContainerItemProxy section */
		UITEST00000000000000001 /* PBXContainerItemProxy */ = {
			isa = PBXContainerItemProxy;
			containerPortal = C3D4E5F600000000000010 /* Project object */;
			proxyType = 1;
			remoteGlobalIDString = D4E5F60000000000000010;
			remoteInfo = MemoryVisualizer;
		};
/* End PBXContainerItemProxy section */

/* Begin PBXFileReference section */
		53E92B8C2F4924860006B3B2 /* MemoryVisualizer.icon */ = {isa = PBXFileReference; lastKnownFileType = folder.iconcomposer.icon; path = MemoryVisualizer.icon; sourceTree = "<group>"; };
		B2C3D4E500000000000001 /* RealityKit.framework */ = {isa = PBXFileReference; lastKnownFileType = wrapper.framework; name = RealityKit.framework; path = System/Library/Frameworks/RealityKit.framework; sourceTree = SDKROOT; };
		B2C3D4E500000000000002 /* MemoryVisualizer.app */ = {isa = PBXFileReference; explicitFileType = wrapper.application; includeInIndex = 0; path = MemoryVisualizer.app; sourceTree = BUILT_PRODUCTS_DIR; };
		UITEST00000000000000010 /* MemoryVisualizerUITests.xctest */ = {isa = PBXFileReference; explicitFileType = wrapper.cfbundle; includeInIndex = 0; path = MemoryVisualizerUITests.xctest; sourceTree = BUILT_PRODUCTS_DIR; };
/* End PBXFileReference section */

/* Begin PBXFileSystemSynchronizedRootGroup section */
		C3D4E5F600000000000001 /* Sources/MemoryVisualizer */ = {
			isa = PBXFileSystemSynchronizedRootGroup;
			path = Sources/MemoryVisualizer;
			sourceTree = "<group>";
		};
		UITEST00000000000000020 /* MemoryVisualizerUITests */ = {
			isa = PBXFileSystemSynchronizedRootGroup;
			path = MemoryVisualizerUITests;
			sourceTree = "<group>";
		};
/* End PBXFileSystemSynchronizedRootGroup section */

/* Begin PBXFrameworksBuildPhase section */
		E5F6A1B200000000000002 /* Frameworks */ = {
			isa = PBXFrameworksBuildPhase;
			buildActionMask = 2147483647;
			files = (
				A1B2C3D400000000000001 /* ClaudeMemoryLib in Frameworks */,
				A1B2C3D400000000000002 /* Lattice in Frameworks */,
				A1B2C3D400000000000003 /* RealityKit.framework in Frameworks */,
			);
			runOnlyForDeploymentPostprocessing = 0;
		};
		UITEST00000000000000030 /* Frameworks */ = {
			isa = PBXFrameworksBuildPhase;
			buildActionMask = 2147483647;
			files = (
			);
			runOnlyForDeploymentPostprocessing = 0;
		};
/* End PBXFrameworksBuildPhase section */

/* Begin PBXGroup section */
		F6A1B2C300000000000001 = {
			isa = PBXGroup;
			children = (
				C3D4E5F600000000000001 /* Sources/MemoryVisualizer */,
				UITEST00000000000000020 /* MemoryVisualizerUITests */,
				F6A1B2C300000000000002 /* Frameworks */,
				F6A1B2C300000000000003 /* Products */,
				53E92B8C2F4924860006B3B2 /* MemoryVisualizer.icon */,
			);
			sourceTree = "<group>";
		};
		F6A1B2C300000000000002 /* Frameworks */ = {
			isa = PBXGroup;
			children = (
				B2C3D4E500000000000001 /* RealityKit.framework */,
			);
			name = Frameworks;
			sourceTree = "<group>";
		};
		F6A1B2C300000000000003 /* Products */ = {
			isa = PBXGroup;
			children = (
				B2C3D4E500000000000002 /* MemoryVisualizer.app */,
				UITEST00000000000000010 /* MemoryVisualizerUITests.xctest */,
			);
			name = Products;
			sourceTree = "<group>";
		};
/* End PBXGroup section */

/* Begin PBXNativeTarget section */
		D4E5F60000000000000010 /* MemoryVisualizer */ = {
			isa = PBXNativeTarget;
			buildConfigurationList = E5F6A1B200000000000010 /* Build configuration list for PBXNativeTarget "MemoryVisualizer" */;
			buildPhases = (
				E5F6A1B200000000000001 /* Sources */,
				E5F6A1B200000000000002 /* Frameworks */,
				E5F6A1B200000000000004 /* Resources */,
			);
			buildRules = (
			);
			dependencies = (
			);
			fileSystemSynchronizedGroups = (
				C3D4E5F600000000000001 /* Sources/MemoryVisualizer */,
			);
			name = MemoryVisualizer;
			packageProductDependencies = (
				D4E5F60000000000000001 /* ClaudeMemoryLib */,
				D4E5F60000000000000002 /* Lattice */,
			);
			productName = MemoryVisualizer;
			productReference = B2C3D4E500000000000002 /* MemoryVisualizer.app */;
			productType = "com.apple.product-type.application";
		};
		UITEST00000000000000040 /* MemoryVisualizerUITests */ = {
			isa = PBXNativeTarget;
			buildConfigurationList = UITEST00000000000000050 /* Build configuration list for PBXNativeTarget "MemoryVisualizerUITests" */;
			buildPhases = (
				UITEST00000000000000031 /* Sources */,
				UITEST00000000000000030 /* Frameworks */,
			);
			buildRules = (
			);
			dependencies = (
				UITEST00000000000000002 /* PBXTargetDependency */,
			);
			fileSystemSynchronizedGroups = (
				UITEST00000000000000020 /* MemoryVisualizerUITests */,
			);
			name = MemoryVisualizerUITests;
			productName = MemoryVisualizerUITests;
			productReference = UITEST00000000000000010 /* MemoryVisualizerUITests.xctest */;
			productType = "com.apple.product-type.bundle.ui-testing";
		};
/* End PBXNativeTarget section */

/* Begin PBXProject section */
		C3D4E5F600000000000010 /* Project object */ = {
			isa = PBXProject;
			attributes = {
				BuildIndependentTargetsInParallel = 1;
				LastSwiftUpdateCheck = 1620;
				LastUpgradeCheck = 1620;
			};
			buildConfigurationList = E5F6A1B200000000000020 /* Build configuration list for PBXProject "MemoryVisualizer" */;
			developmentRegion = en;
			hasScannedForEncodings = 0;
			knownRegions = (
				en,
				Base,
			);
			mainGroup = F6A1B2C300000000000001;
			minimizedProjectReferenceProxies = 1;
			packageReferences = (
				D4E5F60000000000000020 /* XCLocalSwiftPackageReference "." */,
			);
			preferredProjectObjectVersion = 77;
			productRefGroup = F6A1B2C300000000000003 /* Products */;
			projectDirPath = "";
			projectRoot = "";
			targets = (
				D4E5F60000000000000010 /* MemoryVisualizer */,
				UITEST00000000000000040 /* MemoryVisualizerUITests */,
			);
		};
/* End PBXProject section */

/* Begin PBXResourcesBuildPhase section */
		E5F6A1B200000000000004 /* Resources */ = {
			isa = PBXResourcesBuildPhase;
			buildActionMask = 2147483647;
			files = (
				53E92B8D2F4924860006B3B2 /* MemoryVisualizer.icon in Resources */,
			);
			runOnlyForDeploymentPostprocessing = 0;
		};
/* End PBXResourcesBuildPhase section */

/* Begin PBXSourcesBuildPhase section */
		E5F6A1B200000000000001 /* Sources */ = {
			isa = PBXSourcesBuildPhase;
			buildActionMask = 2147483647;
			files = (
			);
			runOnlyForDeploymentPostprocessing = 0;
		};
		UITEST00000000000000031 /* Sources */ = {
			isa = PBXSourcesBuildPhase;
			buildActionMask = 2147483647;
			files = (
			);
			runOnlyForDeploymentPostprocessing = 0;
		};
/* End PBXSourcesBuildPhase section */

/* Begin PBXTargetDependency section */
		UITEST00000000000000002 /* PBXTargetDependency */ = {
			isa = PBXTargetDependency;
			target = D4E5F60000000000000010 /* MemoryVisualizer */;
			targetProxy = UITEST00000000000000001 /* PBXContainerItemProxy */;
		};
/* End PBXTargetDependency section */

/* Begin XCBuildConfiguration section */
		F6A1B2C300000000000010 /* Debug */ = {
			isa = XCBuildConfiguration;
			buildSettings = {
				ALWAYS_SEARCH_USER_PATHS = NO;
				CLANG_CXX_LANGUAGE_STANDARD = "gnu++20";
				CLANG_ENABLE_MODULES = YES;
				CLANG_ENABLE_OBJC_ARC = YES;
				COPY_PHASE_STRIP = NO;
				DEBUG_INFORMATION_FORMAT = dwarf;
				ENABLE_STRICT_OBJC_MSGSEND = YES;
				ENABLE_TESTABILITY = YES;
				GCC_DYNAMIC_NO_PIC = NO;
				GCC_NO_COMMON_BLOCKS = YES;
				GCC_OPTIMIZATION_LEVEL = 0;
				GCC_PREPROCESSOR_DEFINITIONS = (
					"DEBUG=1",
					"$(inherited)",
				);
				MACOSX_DEPLOYMENT_TARGET = 15.0;
				MTL_ENABLE_DEBUG_INFO = INCLUDE_SOURCE;
				ONLY_ACTIVE_ARCH = YES;
				SDKROOT = macosx;
				SWIFT_ACTIVE_COMPILATION_CONDITIONS = "$(inherited) DEBUG";
				SWIFT_OPTIMIZATION_LEVEL = "-Onone";
			};
			name = Debug;
		};
		F6A1B2C300000000000011 /* Release */ = {
			isa = XCBuildConfiguration;
			buildSettings = {
				ALWAYS_SEARCH_USER_PATHS = NO;
				CLANG_CXX_LANGUAGE_STANDARD = "gnu++20";
				CLANG_ENABLE_MODULES = YES;
				CLANG_ENABLE_OBJC_ARC = YES;
				COPY_PHASE_STRIP = NO;
				DEBUG_INFORMATION_FORMAT = "dwarf-with-dsym";
				ENABLE_NS_ASSERTIONS = NO;
				ENABLE_STRICT_OBJC_MSGSEND = YES;
				GCC_NO_COMMON_BLOCKS = YES;
				MACOSX_DEPLOYMENT_TARGET = 15.0;
				MTL_ENABLE_DEBUG_INFO = NO;
				SDKROOT = macosx;
				SWIFT_COMPILATION_MODE = wholemodule;
			};
			name = Release;
		};
		F6A1B2C300000000000012 /* Debug */ = {
			isa = XCBuildConfiguration;
			buildSettings = {
				ASSETCATALOG_COMPILER_APPICON_NAME = MemoryVisualizer;
				CODE_SIGN_STYLE = Automatic;
				COMBINE_HIDPI_IMAGES = YES;
				CURRENT_PROJECT_VERSION = 1;
				GENERATE_INFOPLIST_FILE = YES;
				INFOPLIST_KEY_LSApplicationCategoryType = "public.app-category.developer-tools";
				INFOPLIST_KEY_NSDocumentsFolderUsageDescription = "To access the Claude memory DB.";
				LD_RUNPATH_SEARCH_PATHS = (
					"$(inherited)",
					"@executable_path/../Frameworks",
				);
				MARKETING_VERSION = 1.0;
				OTHER_SWIFT_FLAGS = "-cxx-interoperability-mode=default";
				PRODUCT_BUNDLE_IDENTIFIER = com.claudememory.visualizer;
				PRODUCT_NAME = "$(TARGET_NAME)";
				SWIFT_EMIT_LOC_STRINGS = YES;
				SWIFT_VERSION = 6.0;
			};
			name = Debug;
		};
		F6A1B2C300000000000013 /* Release */ = {
			isa = XCBuildConfiguration;
			buildSettings = {
				ASSETCATALOG_COMPILER_APPICON_NAME = MemoryVisualizer;
				CODE_SIGN_STYLE = Automatic;
				COMBINE_HIDPI_IMAGES = YES;
				CURRENT_PROJECT_VERSION = 1;
				GENERATE_INFOPLIST_FILE = YES;
				INFOPLIST_KEY_LSApplicationCategoryType = "public.app-category.developer-tools";
				INFOPLIST_KEY_NSDocumentsFolderUsageDescription = "To access the Claude memory DB.";
				LD_RUNPATH_SEARCH_PATHS = (
					"$(inherited)",
					"@executable_path/../Frameworks",
				);
				MARKETING_VERSION = 1.0;
				OTHER_SWIFT_FLAGS = "-cxx-interoperability-mode=default";
				PRODUCT_BUNDLE_IDENTIFIER = com.claudememory.visualizer;
				PRODUCT_NAME = "$(TARGET_NAME)";
				SWIFT_EMIT_LOC_STRINGS = YES;
				SWIFT_VERSION = 6.0;
			};
			name = Release;
		};
		UITEST00000000000000051 /* Debug */ = {
			isa = XCBuildConfiguration;
			buildSettings = {
				CODE_SIGN_STYLE = Automatic;
				CURRENT_PROJECT_VERSION = 1;
				GENERATE_INFOPLIST_FILE = YES;
				MARKETING_VERSION = 1.0;
				PRODUCT_BUNDLE_IDENTIFIER = com.claudememory.visualizer.uitests;
				PRODUCT_NAME = "$(TARGET_NAME)";
				SWIFT_EMIT_LOC_STRINGS = NO;
				SWIFT_VERSION = 6.0;
				TEST_TARGET_NAME = MemoryVisualizer;
			};
			name = Debug;
		};
		UITEST00000000000000052 /* Release */ = {
			isa = XCBuildConfiguration;
			buildSettings = {
				CODE_SIGN_STYLE = Automatic;
				CURRENT_PROJECT_VERSION = 1;
				GENERATE_INFOPLIST_FILE = YES;
				MARKETING_VERSION = 1.0;
				PRODUCT_BUNDLE_IDENTIFIER = com.claudememory.visualizer.uitests;
				PRODUCT_NAME = "$(TARGET_NAME)";
				SWIFT_EMIT_LOC_STRINGS = NO;
				SWIFT_VERSION = 6.0;
				TEST_TARGET_NAME = MemoryVisualizer;
			};
			name = Release;
		};
/* End XCBuildConfiguration section */

/* Begin XCConfigurationList section */
		E5F6A1B200000000000010 /* Build configuration list for PBXNativeTarget "MemoryVisualizer" */ = {
			isa = XCConfigurationList;
			buildConfigurations = (
				F6A1B2C300000000000012 /* Debug */,
				F6A1B2C300000000000013 /* Release */,
			);
			defaultConfigurationIsVisible = 0;
			defaultConfigurationName = Release;
		};
		E5F6A1B200000000000020 /* Build configuration list for PBXProject "MemoryVisualizer" */ = {
			isa = XCConfigurationList;
			buildConfigurations = (
				F6A1B2C300000000000010 /* Debug */,
				F6A1B2C300000000000011 /* Release */,
			);
			defaultConfigurationIsVisible = 0;
			defaultConfigurationName = Release;
		};
		UITEST00000000000000050 /* Build configuration list for PBXNativeTarget "MemoryVisualizerUITests" */ = {
			isa = XCConfigurationList;
			buildConfigurations = (
				UITEST00000000000000051 /* Debug */,
				UITEST00000000000000052 /* Release */,
			);
			defaultConfigurationIsVisible = 0;
			defaultConfigurationName = Release;
		};
/* End XCConfigurationList section */

/* Begin XCLocalSwiftPackageReference section */
		D4E5F60000000000000020 /* XCLocalSwiftPackageReference "." */ = {
			isa = XCLocalSwiftPackageReference;
			relativePath = .;
		};
/* End XCLocalSwiftPackageReference section */

/* Begin XCSwiftPackageProductDependency section */
		D4E5F60000000000000001 /* ClaudeMemoryLib */ = {
			isa = XCSwiftPackageProductDependency;
			productName = ClaudeMemoryLib;
		};
		D4E5F60000000000000002 /* Lattice */ = {
			isa = XCSwiftPackageProductDependency;
			productName = Lattice;
		};
/* End XCSwiftPackageProductDependency section */
	};
	rootObject = C3D4E5F600000000000010 /* Project object */;
}
